
Microsoft Visual Studio Solution File, Format Version 12.00
# Visual Studio Version 16
VisualStudioVersion = 16.0.29609.76
MinimumVisualStudioVersion = 10.0.40219.1
Project("{9A19103F-16F7-4668-BE54-9A1E7A4F7556}") = "BlazorWithSecutiry", "BlazorWithSecutiry\BlazorWithSecutiry.csproj", "{C6724DB9-A420-49FA-B611-E67319718508}"
EndProject
Global
	GlobalSection(SolutionConfigurationPlatforms) = preSolution
		Debug|Any CPU = Debug|Any CPU
		Release|Any CPU = Release|Any CPU
	EndGlobalSection
	GlobalSection(ProjectConfigurationPlatforms) = postSolution
		{C6724DB9-A420-49FA-B611-E67319718508}.Debug|Any CPU.ActiveCfg = Debug|Any CPU
		{C6724DB9-A420-49FA-B611-E67319718508}.Debug|Any CPU.Build.0 = Debug|Any CPU
		{C6724DB9-A420-49FA-B611-E67319718508}.Release|Any CPU.ActiveCfg = Release|Any CPU
		{C6724DB9-A420-49FA-B611-E67319718508}.Release|Any CPU.Build.0 = Release|Any CPU
	EndGlobalSection
	GlobalSection(SolutionProperties) = preSolution
		HideSolutionNode = FALSE
	EndGlobalSection
	GlobalSection(ExtensibilityGlobals) = postSolution
		SolutionGuid = {E5A6B49C-BDE6-40C4-859D-BC6FF1CA6FF4}
	EndGlobalSection
EndGlobal
